
Microsoft Visual Studio Solution File, Format Version 12.00
# Visual Studio Version 17
VisualStudioVersion = 17.3.32819.101
MinimumVisualStudioVersion = 10.0.40219.1
Project("{FAE04EC0-301F-11D3-BF4B-00C04F79EFBC}") = "ConsoleApp for labb1", "ConsoleApp for labb1\ConsoleApp for labb1.csproj", "{ED98F466-0422-43DD-9BC2-C207C4EA585A}"
EndProject
Global
	GlobalSection(SolutionConfigurationPlatforms) = preSolution
		Debug|Any CPU = Debug|Any CPU
		Release|Any CPU = Release|Any CPU
	EndGlobalSection
	GlobalSection(ProjectConfigurationPlatforms) = postSolution
		{ED98F466-0422-43DD-9BC2-C207C4EA585A}.Debug|Any CPU.ActiveCfg = Debug|Any CPU
		{ED98F466-0422-43DD-9BC2-C207C4EA585A}.Debug|Any CPU.Build.0 = Debug|Any CPU
		{ED98F466-0422-43DD-9BC2-C207C4EA585A}.Release|Any CPU.ActiveCfg = Release|Any CPU
		{ED98F466-0422-43DD-9BC2-C207C4EA585A}.Release|Any CPU.Build.0 = Release|Any CPU
	EndGlobalSection
	GlobalSection(SolutionProperties) = preSolution
		HideSolutionNode = FALSE
	EndGlobalSection
	GlobalSection(ExtensibilityGlobals) = postSolution
		SolutionGuid = {EB24EBA2-1B67-4AD7-98F2-F0D38F223B8E}
	EndGlobalSection
EndGlobal
